
Microsoft Visual Studio Solution File, Format Version 12.00
# Visual Studio 15
VisualStudioVersion = 15.0.27130.2024
MinimumVisualStudioVersion = 10.0.40219.1
Project("{FAE04EC0-301F-11D3-BF4B-00C04F79EFBC}") = "01. Numbers 1...N with Step 3", "01. Numbers 1...N with Step 3\01. Numbers 1...N with Step 3.csproj", "{EC3501A0-D022-4B22-8E98-471136B39393}"
EndProject
Global
	GlobalSection(SolutionConfigurationPlatforms) = preSolution
		Debug|Any CPU = Debug|Any CPU
		Release|Any CPU = Release|Any CPU
	EndGlobalSection
	GlobalSection(ProjectConfigurationPlatforms) = postSolution
		{EC3501A0-D022-4B22-8E98-471136B39393}.Debug|Any CPU.ActiveCfg = Debug|Any CPU
		{EC3501A0-D022-4B22-8E98-471136B39393}.Debug|Any CPU.Build.0 = Debug|Any CPU
		{EC3501A0-D022-4B22-8E98-471136B39393}.Release|Any CPU.ActiveCfg = Release|Any CPU
		{EC3501A0-D022-4B22-8E98-471136B39393}.Release|Any CPU.Build.0 = Release|Any CPU
	EndGlobalSection
	GlobalSection(SolutionProperties) = preSolution
		HideSolutionNode = FALSE
	EndGlobalSection
	GlobalSection(ExtensibilityGlobals) = postSolution
		SolutionGuid = {6BFE1F70-2201-4613-B0CA-A05490450CBF}
	EndGlobalSection
EndGlobal
