
Microsoft Visual Studio Solution File, Format Version 12.00
# Visual Studio 15
VisualStudioVersion = 15.0.27130.2024
MinimumVisualStudioVersion = 10.0.40219.1
Project("{FAE04EC0-301F-11D3-BF4B-00C04F79EFBC}") = "1-wi opiti", "1-wi opiti\1-wi opiti.csproj", "{591E309C-BF8D-4563-A003-CAA341ADC6FE}"
EndProject
Global
	GlobalSection(SolutionConfigurationPlatforms) = preSolution
		Debug|Any CPU = Debug|Any CPU
		Release|Any CPU = Release|Any CPU
	EndGlobalSection
	GlobalSection(ProjectConfigurationPlatforms) = postSolution
		{591E309C-BF8D-4563-A003-CAA341ADC6FE}.Debug|Any CPU.ActiveCfg = Debug|Any CPU
		{591E309C-BF8D-4563-A003-CAA341ADC6FE}.Debug|Any CPU.Build.0 = Debug|Any CPU
		{591E309C-BF8D-4563-A003-CAA341ADC6FE}.Release|Any CPU.ActiveCfg = Release|Any CPU
		{591E309C-BF8D-4563-A003-CAA341ADC6FE}.Release|Any CPU.Build.0 = Release|Any CPU
	EndGlobalSection
	GlobalSection(SolutionProperties) = preSolution
		HideSolutionNode = FALSE
	EndGlobalSection
	GlobalSection(ExtensibilityGlobals) = postSolution
		SolutionGuid = {2771A6CF-2399-40AF-9636-EA64650E5C29}
	EndGlobalSection
EndGlobal
