
Microsoft Visual Studio Solution File, Format Version 12.00
# Visual Studio 15
VisualStudioVersion = 15.0.27130.2024
MinimumVisualStudioVersion = 10.0.40219.1
Project("{FAE04EC0-301F-11D3-BF4B-00C04F79EFBC}") = "01", "01\01.csproj", "{26258D40-26F3-4B8E-972E-8F3C78FBE238}"
EndProject
Project("{FAE04EC0-301F-11D3-BF4B-00C04F79EFBC}") = "01DanceHall", "01DanceHall\01DanceHall.csproj", "{8B8E8494-A481-4950-AAAD-EF91FF7666A7}"
EndProject
Project("{FAE04EC0-301F-11D3-BF4B-00C04F79EFBC}") = "02Choreography", "02Choreography\02Choreography.csproj", "{95BF880E-DECC-4CA4-BC8F-0370EA005C7F}"
EndProject
Project("{FAE04EC0-301F-11D3-BF4B-00C04F79EFBC}") = "03 FinalCompetition", "03 FinalCompetition\03 FinalCompetition.csproj", "{ABA1CBFF-8136-4926-B057-FA171AB236E8}"
EndProject
Project("{FAE04EC0-301F-11D3-BF4B-00C04F79EFBC}") = "05 CUP", "05 CUP\05 CUP.csproj", "{58800394-300A-4A2B-A635-BC98B381C1B5}"
EndProject
Project("{FAE04EC0-301F-11D3-BF4B-00C04F79EFBC}") = "ConsoleApp1", "ConsoleApp1\ConsoleApp1.csproj", "{D2E28D41-27E2-4D34-BEC7-1BF1668FE8E1}"
EndProject
Project("{FAE04EC0-301F-11D3-BF4B-00C04F79EFBC}") = "groupname", "groupname\groupname.csproj", "{F4B14D8D-D4AA-446D-9066-F66B5092E450}"
EndProject
Project("{FAE04EC0-301F-11D3-BF4B-00C04F79EFBC}") = "tuhli", "tuhli\tuhli.csproj", "{9A776301-B20E-4B45-9D38-54E9A59941BE}"
EndProject
Global
	GlobalSection(SolutionConfigurationPlatforms) = preSolution
		Debug|Any CPU = Debug|Any CPU
		Debug|ARM = Debug|ARM
		Debug|x64 = Debug|x64
		Debug|x86 = Debug|x86
		Release|Any CPU = Release|Any CPU
		Release|ARM = Release|ARM
		Release|x64 = Release|x64
		Release|x86 = Release|x86
	EndGlobalSection
	GlobalSection(ProjectConfigurationPlatforms) = postSolution
		{26258D40-26F3-4B8E-972E-8F3C78FBE238}.Debug|Any CPU.ActiveCfg = Debug|x86
		{26258D40-26F3-4B8E-972E-8F3C78FBE238}.Debug|ARM.ActiveCfg = Debug|ARM
		{26258D40-26F3-4B8E-972E-8F3C78FBE238}.Debug|ARM.Build.0 = Debug|ARM
		{26258D40-26F3-4B8E-972E-8F3C78FBE238}.Debug|ARM.Deploy.0 = Debug|ARM
		{26258D40-26F3-4B8E-972E-8F3C78FBE238}.Debug|x64.ActiveCfg = Debug|x64
		{26258D40-26F3-4B8E-972E-8F3C78FBE238}.Debug|x64.Build.0 = Debug|x64
		{26258D40-26F3-4B8E-972E-8F3C78FBE238}.Debug|x64.Deploy.0 = Debug|x64
		{26258D40-26F3-4B8E-972E-8F3C78FBE238}.Debug|x86.ActiveCfg = Debug|x86
		{26258D40-26F3-4B8E-972E-8F3C78FBE238}.Debug|x86.Build.0 = Debug|x86
		{26258D40-26F3-4B8E-972E-8F3C78FBE238}.Debug|x86.Deploy.0 = Debug|x86
		{26258D40-26F3-4B8E-972E-8F3C78FBE238}.Release|Any CPU.ActiveCfg = Release|x86
		{26258D40-26F3-4B8E-972E-8F3C78FBE238}.Release|ARM.ActiveCfg = Release|ARM
		{26258D40-26F3-4B8E-972E-8F3C78FBE238}.Release|ARM.Build.0 = Release|ARM
		{26258D40-26F3-4B8E-972E-8F3C78FBE238}.Release|ARM.Deploy.0 = Release|ARM
		{26258D40-26F3-4B8E-972E-8F3C78FBE238}.Release|x64.ActiveCfg = Release|x64
		{26258D40-26F3-4B8E-972E-8F3C78FBE238}.Release|x64.Build.0 = Release|x64
		{26258D40-26F3-4B8E-972E-8F3C78FBE238}.Release|x64.Deploy.0 = Release|x64
		{26258D40-26F3-4B8E-972E-8F3C78FBE238}.Release|x86.ActiveCfg = Release|x86
		{26258D40-26F3-4B8E-972E-8F3C78FBE238}.Release|x86.Build.0 = Release|x86
		{26258D40-26F3-4B8E-972E-8F3C78FBE238}.Release|x86.Deploy.0 = Release|x86
		{8B8E8494-A481-4950-AAAD-EF91FF7666A7}.Debug|Any CPU.ActiveCfg = Debug|Any CPU
		{8B8E8494-A481-4950-AAAD-EF91FF7666A7}.Debug|Any CPU.Build.0 = Debug|Any CPU
		{8B8E8494-A481-4950-AAAD-EF91FF7666A7}.Debug|ARM.ActiveCfg = Debug|Any CPU
		{8B8E8494-A481-4950-AAAD-EF91FF7666A7}.Debug|ARM.Build.0 = Debug|Any CPU
		{8B8E8494-A481-4950-AAAD-EF91FF7666A7}.Debug|x64.ActiveCfg = Debug|Any CPU
		{8B8E8494-A481-4950-AAAD-EF91FF7666A7}.Debug|x64.Build.0 = Debug|Any CPU
		{8B8E8494-A481-4950-AAAD-EF91FF7666A7}.Debug|x86.ActiveCfg = Debug|Any CPU
		{8B8E8494-A481-4950-AAAD-EF91FF7666A7}.Debug|x86.Build.0 = Debug|Any CPU
		{8B8E8494-A481-4950-AAAD-EF91FF7666A7}.Release|Any CPU.ActiveCfg = Release|Any CPU
		{8B8E8494-A481-4950-AAAD-EF91FF7666A7}.Release|Any CPU.Build.0 = Release|Any CPU
		{8B8E8494-A481-4950-AAAD-EF91FF7666A7}.Release|ARM.ActiveCfg = Release|Any CPU
		{8B8E8494-A481-4950-AAAD-EF91FF7666A7}.Release|ARM.Build.0 = Release|Any CPU
		{8B8E8494-A481-4950-AAAD-EF91FF7666A7}.Release|x64.ActiveCfg = Release|Any CPU
		{8B8E8494-A481-4950-AAAD-EF91FF7666A7}.Release|x64.Build.0 = Release|Any CPU
		{8B8E8494-A481-4950-AAAD-EF91FF7666A7}.Release|x86.ActiveCfg = Release|Any CPU
		{8B8E8494-A481-4950-AAAD-EF91FF7666A7}.Release|x86.Build.0 = Release|Any CPU
		{95BF880E-DECC-4CA4-BC8F-0370EA005C7F}.Debug|Any CPU.ActiveCfg = Debug|Any CPU
		{95BF880E-DECC-4CA4-BC8F-0370EA005C7F}.Debug|Any CPU.Build.0 = Debug|Any CPU
		{95BF880E-DECC-4CA4-BC8F-0370EA005C7F}.Debug|ARM.ActiveCfg = Debug|Any CPU
		{95BF880E-DECC-4CA4-BC8F-0370EA005C7F}.Debug|ARM.Build.0 = Debug|Any CPU
		{95BF880E-DECC-4CA4-BC8F-0370EA005C7F}.Debug|x64.ActiveCfg = Debug|Any CPU
		{95BF880E-DECC-4CA4-BC8F-0370EA005C7F}.Debug|x64.Build.0 = Debug|Any CPU
		{95BF880E-DECC-4CA4-BC8F-0370EA005C7F}.Debug|x86.ActiveCfg = Debug|Any CPU
		{95BF880E-DECC-4CA4-BC8F-0370EA005C7F}.Debug|x86.Build.0 = Debug|Any CPU
		{95BF880E-DECC-4CA4-BC8F-0370EA005C7F}.Release|Any CPU.ActiveCfg = Release|Any CPU
		{95BF880E-DECC-4CA4-BC8F-0370EA005C7F}.Release|Any CPU.Build.0 = Release|Any CPU
		{95BF880E-DECC-4CA4-BC8F-0370EA005C7F}.Release|ARM.ActiveCfg = Release|Any CPU
		{95BF880E-DECC-4CA4-BC8F-0370EA005C7F}.Release|ARM.Build.0 = Release|Any CPU
		{95BF880E-DECC-4CA4-BC8F-0370EA005C7F}.Release|x64.ActiveCfg = Release|Any CPU
		{95BF880E-DECC-4CA4-BC8F-0370EA005C7F}.Release|x64.Build.0 = Release|Any CPU
		{95BF880E-DECC-4CA4-BC8F-0370EA005C7F}.Release|x86.ActiveCfg = Release|Any CPU
		{95BF880E-DECC-4CA4-BC8F-0370EA005C7F}.Release|x86.Build.0 = Release|Any CPU
		{ABA1CBFF-8136-4926-B057-FA171AB236E8}.Debug|Any CPU.ActiveCfg = Debug|Any CPU
		{ABA1CBFF-8136-4926-B057-FA171AB236E8}.Debug|Any CPU.Build.0 = Debug|Any CPU
		{ABA1CBFF-8136-4926-B057-FA171AB236E8}.Debug|ARM.ActiveCfg = Debug|Any CPU
		{ABA1CBFF-8136-4926-B057-FA171AB236E8}.Debug|ARM.Build.0 = Debug|Any CPU
		{ABA1CBFF-8136-4926-B057-FA171AB236E8}.Debug|x64.ActiveCfg = Debug|Any CPU
		{ABA1CBFF-8136-4926-B057-FA171AB236E8}.Debug|x64.Build.0 = Debug|Any CPU
		{ABA1CBFF-8136-4926-B057-FA171AB236E8}.Debug|x86.ActiveCfg = Debug|Any CPU
		{ABA1CBFF-8136-4926-B057-FA171AB236E8}.Debug|x86.Build.0 = Debug|Any CPU
		{ABA1CBFF-8136-4926-B057-FA171AB236E8}.Release|Any CPU.ActiveCfg = Release|Any CPU
		{ABA1CBFF-8136-4926-B057-FA171AB236E8}.Release|Any CPU.Build.0 = Release|Any CPU
		{ABA1CBFF-8136-4926-B057-FA171AB236E8}.Release|ARM.ActiveCfg = Release|Any CPU
		{ABA1CBFF-8136-4926-B057-FA171AB236E8}.Release|ARM.Build.0 = Release|Any CPU
		{ABA1CBFF-8136-4926-B057-FA171AB236E8}.Release|x64.ActiveCfg = Release|Any CPU
		{ABA1CBFF-8136-4926-B057-FA171AB236E8}.Release|x64.Build.0 = Release|Any CPU
		{ABA1CBFF-8136-4926-B057-FA171AB236E8}.Release|x86.ActiveCfg = Release|Any CPU
		{ABA1CBFF-8136-4926-B057-FA171AB236E8}.Release|x86.Build.0 = Release|Any CPU
		{58800394-300A-4A2B-A635-BC98B381C1B5}.Debug|Any CPU.ActiveCfg = Debug|Any CPU
		{58800394-300A-4A2B-A635-BC98B381C1B5}.Debug|Any CPU.Build.0 = Debug|Any CPU
		{58800394-300A-4A2B-A635-BC98B381C1B5}.Debug|ARM.ActiveCfg = Debug|Any CPU
		{58800394-300A-4A2B-A635-BC98B381C1B5}.Debug|ARM.Build.0 = Debug|Any CPU
		{58800394-300A-4A2B-A635-BC98B381C1B5}.Debug|x64.ActiveCfg = Debug|Any CPU
		{58800394-300A-4A2B-A635-BC98B381C1B5}.Debug|x64.Build.0 = Debug|Any CPU
		{58800394-300A-4A2B-A635-BC98B381C1B5}.Debug|x86.ActiveCfg = Debug|Any CPU
		{58800394-300A-4A2B-A635-BC98B381C1B5}.Debug|x86.Build.0 = Debug|Any CPU
		{58800394-300A-4A2B-A635-BC98B381C1B5}.Release|Any CPU.ActiveCfg = Release|Any CPU
		{58800394-300A-4A2B-A635-BC98B381C1B5}.Release|Any CPU.Build.0 = Release|Any CPU
		{58800394-300A-4A2B-A635-BC98B381C1B5}.Release|ARM.ActiveCfg = Release|Any CPU
		{58800394-300A-4A2B-A635-BC98B381C1B5}.Release|ARM.Build.0 = Release|Any CPU
		{58800394-300A-4A2B-A635-BC98B381C1B5}.Release|x64.ActiveCfg = Release|Any CPU
		{58800394-300A-4A2B-A635-BC98B381C1B5}.Release|x64.Build.0 = Release|Any CPU
		{58800394-300A-4A2B-A635-BC98B381C1B5}.Release|x86.ActiveCfg = Release|Any CPU
		{58800394-300A-4A2B-A635-BC98B381C1B5}.Release|x86.Build.0 = Release|Any CPU
		{D2E28D41-27E2-4D34-BEC7-1BF1668FE8E1}.Debug|Any CPU.ActiveCfg = Debug|Any CPU
		{D2E28D41-27E2-4D34-BEC7-1BF1668FE8E1}.Debug|Any CPU.Build.0 = Debug|Any CPU
		{D2E28D41-27E2-4D34-BEC7-1BF1668FE8E1}.Debug|ARM.ActiveCfg = Debug|Any CPU
		{D2E28D41-27E2-4D34-BEC7-1BF1668FE8E1}.Debug|ARM.Build.0 = Debug|Any CPU
		{D2E28D41-27E2-4D34-BEC7-1BF1668FE8E1}.Debug|x64.ActiveCfg = Debug|Any CPU
		{D2E28D41-27E2-4D34-BEC7-1BF1668FE8E1}.Debug|x64.Build.0 = Debug|Any CPU
		{D2E28D41-27E2-4D34-BEC7-1BF1668FE8E1}.Debug|x86.ActiveCfg = Debug|Any CPU
		{D2E28D41-27E2-4D34-BEC7-1BF1668FE8E1}.Debug|x86.Build.0 = Debug|Any CPU
		{D2E28D41-27E2-4D34-BEC7-1BF1668FE8E1}.Release|Any CPU.ActiveCfg = Release|Any CPU
		{D2E28D41-27E2-4D34-BEC7-1BF1668FE8E1}.Release|Any CPU.Build.0 = Release|Any CPU
		{D2E28D41-27E2-4D34-BEC7-1BF1668FE8E1}.Release|ARM.ActiveCfg = Release|Any CPU
		{D2E28D41-27E2-4D34-BEC7-1BF1668FE8E1}.Release|ARM.Build.0 = Release|Any CPU
		{D2E28D41-27E2-4D34-BEC7-1BF1668FE8E1}.Release|x64.ActiveCfg = Release|Any CPU
		{D2E28D41-27E2-4D34-BEC7-1BF1668FE8E1}.Release|x64.Build.0 = Release|Any CPU
		{D2E28D41-27E2-4D34-BEC7-1BF1668FE8E1}.Release|x86.ActiveCfg = Release|Any CPU
		{D2E28D41-27E2-4D34-BEC7-1BF1668FE8E1}.Release|x86.Build.0 = Release|Any CPU
		{F4B14D8D-D4AA-446D-9066-F66B5092E450}.Debug|Any CPU.ActiveCfg = Debug|Any CPU
		{F4B14D8D-D4AA-446D-9066-F66B5092E450}.Debug|Any CPU.Build.0 = Debug|Any CPU
		{F4B14D8D-D4AA-446D-9066-F66B5092E450}.Debug|ARM.ActiveCfg = Debug|Any CPU
		{F4B14D8D-D4AA-446D-9066-F66B5092E450}.Debug|ARM.Build.0 = Debug|Any CPU
		{F4B14D8D-D4AA-446D-9066-F66B5092E450}.Debug|x64.ActiveCfg = Debug|Any CPU
		{F4B14D8D-D4AA-446D-9066-F66B5092E450}.Debug|x64.Build.0 = Debug|Any CPU
		{F4B14D8D-D4AA-446D-9066-F66B5092E450}.Debug|x86.ActiveCfg = Debug|Any CPU
		{F4B14D8D-D4AA-446D-9066-F66B5092E450}.Debug|x86.Build.0 = Debug|Any CPU
		{F4B14D8D-D4AA-446D-9066-F66B5092E450}.Release|Any CPU.ActiveCfg = Release|Any CPU
		{F4B14D8D-D4AA-446D-9066-F66B5092E450}.Release|Any CPU.Build.0 = Release|Any CPU
		{F4B14D8D-D4AA-446D-9066-F66B5092E450}.Release|ARM.ActiveCfg = Release|Any CPU
		{F4B14D8D-D4AA-446D-9066-F66B5092E450}.Release|ARM.Build.0 = Release|Any CPU
		{F4B14D8D-D4AA-446D-9066-F66B5092E450}.Release|x64.ActiveCfg = Release|Any CPU
		{F4B14D8D-D4AA-446D-9066-F66B5092E450}.Release|x64.Build.0 = Release|Any CPU
		{F4B14D8D-D4AA-446D-9066-F66B5092E450}.Release|x86.ActiveCfg = Release|Any CPU
		{F4B14D8D-D4AA-446D-9066-F66B5092E450}.Release|x86.Build.0 = Release|Any CPU
		{9A776301-B20E-4B45-9D38-54E9A59941BE}.Debug|Any CPU.ActiveCfg = Debug|Any CPU
		{9A776301-B20E-4B45-9D38-54E9A59941BE}.Debug|Any CPU.Build.0 = Debug|Any CPU
		{9A776301-B20E-4B45-9D38-54E9A59941BE}.Debug|ARM.ActiveCfg = Debug|Any CPU
		{9A776301-B20E-4B45-9D38-54E9A59941BE}.Debug|ARM.Build.0 = Debug|Any CPU
		{9A776301-B20E-4B45-9D38-54E9A59941BE}.Debug|x64.ActiveCfg = Debug|Any CPU
		{9A776301-B20E-4B45-9D38-54E9A59941BE}.Debug|x64.Build.0 = Debug|Any CPU
		{9A776301-B20E-4B45-9D38-54E9A59941BE}.Debug|x86.ActiveCfg = Debug|Any CPU
		{9A776301-B20E-4B45-9D38-54E9A59941BE}.Debug|x86.Build.0 = Debug|Any CPU
		{9A776301-B20E-4B45-9D38-54E9A59941BE}.Release|Any CPU.ActiveCfg = Release|Any CPU
		{9A776301-B20E-4B45-9D38-54E9A59941BE}.Release|Any CPU.Build.0 = Release|Any CPU
		{9A776301-B20E-4B45-9D38-54E9A59941BE}.Release|ARM.ActiveCfg = Release|Any CPU
		{9A776301-B20E-4B45-9D38-54E9A59941BE}.Release|ARM.Build.0 = Release|Any CPU
		{9A776301-B20E-4B45-9D38-54E9A59941BE}.Release|x64.ActiveCfg = Release|Any CPU
		{9A776301-B20E-4B45-9D38-54E9A59941BE}.Release|x64.Build.0 = Release|Any CPU
		{9A776301-B20E-4B45-9D38-54E9A59941BE}.Release|x86.ActiveCfg = Release|Any CPU
		{9A776301-B20E-4B45-9D38-54E9A59941BE}.Release|x86.Build.0 = Release|Any CPU
	EndGlobalSection
	GlobalSection(SolutionProperties) = preSolution
		HideSolutionNode = FALSE
	EndGlobalSection
	GlobalSection(ExtensibilityGlobals) = postSolution
		SolutionGuid = {6A25F99C-757D-42F7-8DDF-5D1EEF066111}
	EndGlobalSection
EndGlobal
