
Microsoft Visual Studio Solution File, Format Version 12.00
# Visual Studio 15
VisualStudioVersion = 15.0.27130.2024
MinimumVisualStudioVersion = 10.0.40219.1
Project("{FAE04EC0-301F-11D3-BF4B-00C04F79EFBC}") = "urok", "urok\urok.csproj", "{7920EBA6-0666-4EE5-BB46-1A0D64370A72}"
EndProject
Global
	GlobalSection(SolutionConfigurationPlatforms) = preSolution
		Debug|Any CPU = Debug|Any CPU
		Release|Any CPU = Release|Any CPU
	EndGlobalSection
	GlobalSection(ProjectConfigurationPlatforms) = postSolution
		{7920EBA6-0666-4EE5-BB46-1A0D64370A72}.Debug|Any CPU.ActiveCfg = Debug|Any CPU
		{7920EBA6-0666-4EE5-BB46-1A0D64370A72}.Debug|Any CPU.Build.0 = Debug|Any CPU
		{7920EBA6-0666-4EE5-BB46-1A0D64370A72}.Release|Any CPU.ActiveCfg = Release|Any CPU
		{7920EBA6-0666-4EE5-BB46-1A0D64370A72}.Release|Any CPU.Build.0 = Release|Any CPU
	EndGlobalSection
	GlobalSection(SolutionProperties) = preSolution
		HideSolutionNode = FALSE
	EndGlobalSection
	GlobalSection(ExtensibilityGlobals) = postSolution
		SolutionGuid = {8AD9F669-C454-4CE8-AAD4-6C610BD2A0FF}
	EndGlobalSection
EndGlobal
