
Microsoft Visual Studio Solution File, Format Version 12.00
# Visual Studio 15
VisualStudioVersion = 15.0.27130.2024
MinimumVisualStudioVersion = 10.0.40219.1
Project("{FAE04EC0-301F-11D3-BF4B-00C04F79EFBC}") = "06. Number in Range [1...100]", "06. Number in Range [1...100]\06. Number in Range [1...100].csproj", "{440AC6DF-DDA7-4A51-80DA-F8F63E0D509C}"
EndProject
Project("{FAE04EC0-301F-11D3-BF4B-00C04F79EFBC}") = "ConsoleApp1", "ConsoleApp1\ConsoleApp1.csproj", "{504954D7-759B-46A3-BB1D-FF5DD7BC58B0}"
EndProject
Project("{FAE04EC0-301F-11D3-BF4B-00C04F79EFBC}") = "06from1to100", "06from1to100\06from1to100.csproj", "{F9EF3D92-C9D9-4228-9CE4-1285DB4BBF0D}"
EndProject
Project("{FAE04EC0-301F-11D3-BF4B-00C04F79EFBC}") = "07. (CGD)", "07. (CGD)\07. (CGD).csproj", "{994EEB14-4DB4-43EF-9A4A-CDCC6E9FFEBE}"
EndProject
Project("{FAE04EC0-301F-11D3-BF4B-00C04F79EFBC}") = "08. Factorial", "08. Factorial\08. Factorial.csproj", "{A8AA62D5-18C8-4883-8A25-24A9C58149FC}"
EndProject
Project("{FAE04EC0-301F-11D3-BF4B-00C04F79EFBC}") = "09 sum digits", "09 sum digits\09 sum digits.csproj", "{BF8C98A9-5141-4A31-B1F2-BBB2C9BF94D0}"
EndProject
Project("{FAE04EC0-301F-11D3-BF4B-00C04F79EFBC}") = "10. Check Prime", "10. Check Prime\10. Check Prime.csproj", "{13BADAF7-FE80-4F4E-BACE-BBCF648C07CC}"
EndProject
Project("{FAE04EC0-301F-11D3-BF4B-00C04F79EFBC}") = "11. Enter Even Number", "11. Enter Even Number\11. Enter Even Number.csproj", "{E7AA584E-47FB-4808-A11D-598F1DB3447C}"
EndProject
Project("{FAE04EC0-301F-11D3-BF4B-00C04F79EFBC}") = "test", "test\test.csproj", "{CFE9BD12-DCDD-4450-B5E5-80E299F40626}"
EndProject
Project("{FAE04EC0-301F-11D3-BF4B-00C04F79EFBC}") = "12. Fibonacci", "12. Fibonacci\12. Fibonacci.csproj", "{9C0C4F34-A252-4B6C-A5E2-B3BB2A07AEE6}"
EndProject
Project("{FAE04EC0-301F-11D3-BF4B-00C04F79EFBC}") = "podgotowka", "podgotowka\podgotowka.csproj", "{CD5D9B48-AF24-4B76-B71F-9558E7EFE06E}"
EndProject
Project("{FAE04EC0-301F-11D3-BF4B-00C04F79EFBC}") = "02. Shopping", "02. Shopping\02. Shopping.csproj", "{8B0C66FE-1DFC-4D14-BA54-77A7E0DF2104}"
EndProject
Project("{FAE04EC0-301F-11D3-BF4B-00C04F79EFBC}") = "03. Slot Machine", "03. Slot Machine\03. Slot Machine.csproj", "{7C367A12-0524-47C6-A3AA-B190DCFFE888}"
EndProject
Project("{FAE04EC0-301F-11D3-BF4B-00C04F79EFBC}") = "sword", "sword\sword.csproj", "{859102C2-D89D-4212-AF93-89E053C096DC}"
EndProject
Global
	GlobalSection(SolutionConfigurationPlatforms) = preSolution
		Debug|Any CPU = Debug|Any CPU
		Debug|ARM = Debug|ARM
		Debug|x64 = Debug|x64
		Debug|x86 = Debug|x86
		Release|Any CPU = Release|Any CPU
		Release|ARM = Release|ARM
		Release|x64 = Release|x64
		Release|x86 = Release|x86
	EndGlobalSection
	GlobalSection(ProjectConfigurationPlatforms) = postSolution
		{440AC6DF-DDA7-4A51-80DA-F8F63E0D509C}.Debug|Any CPU.ActiveCfg = Debug|x86
		{440AC6DF-DDA7-4A51-80DA-F8F63E0D509C}.Debug|ARM.ActiveCfg = Debug|ARM
		{440AC6DF-DDA7-4A51-80DA-F8F63E0D509C}.Debug|ARM.Build.0 = Debug|ARM
		{440AC6DF-DDA7-4A51-80DA-F8F63E0D509C}.Debug|x64.ActiveCfg = Debug|x64
		{440AC6DF-DDA7-4A51-80DA-F8F63E0D509C}.Debug|x64.Build.0 = Debug|x64
		{440AC6DF-DDA7-4A51-80DA-F8F63E0D509C}.Debug|x86.ActiveCfg = Debug|x86
		{440AC6DF-DDA7-4A51-80DA-F8F63E0D509C}.Debug|x86.Build.0 = Debug|x86
		{440AC6DF-DDA7-4A51-80DA-F8F63E0D509C}.Release|Any CPU.ActiveCfg = Release|x86
		{440AC6DF-DDA7-4A51-80DA-F8F63E0D509C}.Release|ARM.ActiveCfg = Release|ARM
		{440AC6DF-DDA7-4A51-80DA-F8F63E0D509C}.Release|ARM.Build.0 = Release|ARM
		{440AC6DF-DDA7-4A51-80DA-F8F63E0D509C}.Release|x64.ActiveCfg = Release|x64
		{440AC6DF-DDA7-4A51-80DA-F8F63E0D509C}.Release|x64.Build.0 = Release|x64
		{440AC6DF-DDA7-4A51-80DA-F8F63E0D509C}.Release|x86.ActiveCfg = Release|x86
		{440AC6DF-DDA7-4A51-80DA-F8F63E0D509C}.Release|x86.Build.0 = Release|x86
		{504954D7-759B-46A3-BB1D-FF5DD7BC58B0}.Debug|Any CPU.ActiveCfg = Debug|Any CPU
		{504954D7-759B-46A3-BB1D-FF5DD7BC58B0}.Debug|Any CPU.Build.0 = Debug|Any CPU
		{504954D7-759B-46A3-BB1D-FF5DD7BC58B0}.Debug|ARM.ActiveCfg = Debug|Any CPU
		{504954D7-759B-46A3-BB1D-FF5DD7BC58B0}.Debug|ARM.Build.0 = Debug|Any CPU
		{504954D7-759B-46A3-BB1D-FF5DD7BC58B0}.Debug|x64.ActiveCfg = Debug|Any CPU
		{504954D7-759B-46A3-BB1D-FF5DD7BC58B0}.Debug|x64.Build.0 = Debug|Any CPU
		{504954D7-759B-46A3-BB1D-FF5DD7BC58B0}.Debug|x86.ActiveCfg = Debug|Any CPU
		{504954D7-759B-46A3-BB1D-FF5DD7BC58B0}.Debug|x86.Build.0 = Debug|Any CPU
		{504954D7-759B-46A3-BB1D-FF5DD7BC58B0}.Release|Any CPU.ActiveCfg = Release|Any CPU
		{504954D7-759B-46A3-BB1D-FF5DD7BC58B0}.Release|Any CPU.Build.0 = Release|Any CPU
		{504954D7-759B-46A3-BB1D-FF5DD7BC58B0}.Release|ARM.ActiveCfg = Release|Any CPU
		{504954D7-759B-46A3-BB1D-FF5DD7BC58B0}.Release|ARM.Build.0 = Release|Any CPU
		{504954D7-759B-46A3-BB1D-FF5DD7BC58B0}.Release|x64.ActiveCfg = Release|Any CPU
		{504954D7-759B-46A3-BB1D-FF5DD7BC58B0}.Release|x64.Build.0 = Release|Any CPU
		{504954D7-759B-46A3-BB1D-FF5DD7BC58B0}.Release|x86.ActiveCfg = Release|Any CPU
		{504954D7-759B-46A3-BB1D-FF5DD7BC58B0}.Release|x86.Build.0 = Release|Any CPU
		{F9EF3D92-C9D9-4228-9CE4-1285DB4BBF0D}.Debug|Any CPU.ActiveCfg = Debug|Any CPU
		{F9EF3D92-C9D9-4228-9CE4-1285DB4BBF0D}.Debug|Any CPU.Build.0 = Debug|Any CPU
		{F9EF3D92-C9D9-4228-9CE4-1285DB4BBF0D}.Debug|ARM.ActiveCfg = Debug|Any CPU
		{F9EF3D92-C9D9-4228-9CE4-1285DB4BBF0D}.Debug|ARM.Build.0 = Debug|Any CPU
		{F9EF3D92-C9D9-4228-9CE4-1285DB4BBF0D}.Debug|x64.ActiveCfg = Debug|Any CPU
		{F9EF3D92-C9D9-4228-9CE4-1285DB4BBF0D}.Debug|x64.Build.0 = Debug|Any CPU
		{F9EF3D92-C9D9-4228-9CE4-1285DB4BBF0D}.Debug|x86.ActiveCfg = Debug|Any CPU
		{F9EF3D92-C9D9-4228-9CE4-1285DB4BBF0D}.Debug|x86.Build.0 = Debug|Any CPU
		{F9EF3D92-C9D9-4228-9CE4-1285DB4BBF0D}.Release|Any CPU.ActiveCfg = Release|Any CPU
		{F9EF3D92-C9D9-4228-9CE4-1285DB4BBF0D}.Release|Any CPU.Build.0 = Release|Any CPU
		{F9EF3D92-C9D9-4228-9CE4-1285DB4BBF0D}.Release|ARM.ActiveCfg = Release|Any CPU
		{F9EF3D92-C9D9-4228-9CE4-1285DB4BBF0D}.Release|ARM.Build.0 = Release|Any CPU
		{F9EF3D92-C9D9-4228-9CE4-1285DB4BBF0D}.Release|x64.ActiveCfg = Release|Any CPU
		{F9EF3D92-C9D9-4228-9CE4-1285DB4BBF0D}.Release|x64.Build.0 = Release|Any CPU
		{F9EF3D92-C9D9-4228-9CE4-1285DB4BBF0D}.Release|x86.ActiveCfg = Release|Any CPU
		{F9EF3D92-C9D9-4228-9CE4-1285DB4BBF0D}.Release|x86.Build.0 = Release|Any CPU
		{994EEB14-4DB4-43EF-9A4A-CDCC6E9FFEBE}.Debug|Any CPU.ActiveCfg = Debug|Any CPU
		{994EEB14-4DB4-43EF-9A4A-CDCC6E9FFEBE}.Debug|Any CPU.Build.0 = Debug|Any CPU
		{994EEB14-4DB4-43EF-9A4A-CDCC6E9FFEBE}.Debug|ARM.ActiveCfg = Debug|Any CPU
		{994EEB14-4DB4-43EF-9A4A-CDCC6E9FFEBE}.Debug|ARM.Build.0 = Debug|Any CPU
		{994EEB14-4DB4-43EF-9A4A-CDCC6E9FFEBE}.Debug|x64.ActiveCfg = Debug|Any CPU
		{994EEB14-4DB4-43EF-9A4A-CDCC6E9FFEBE}.Debug|x64.Build.0 = Debug|Any CPU
		{994EEB14-4DB4-43EF-9A4A-CDCC6E9FFEBE}.Debug|x86.ActiveCfg = Debug|Any CPU
		{994EEB14-4DB4-43EF-9A4A-CDCC6E9FFEBE}.Debug|x86.Build.0 = Debug|Any CPU
		{994EEB14-4DB4-43EF-9A4A-CDCC6E9FFEBE}.Release|Any CPU.ActiveCfg = Release|Any CPU
		{994EEB14-4DB4-43EF-9A4A-CDCC6E9FFEBE}.Release|Any CPU.Build.0 = Release|Any CPU
		{994EEB14-4DB4-43EF-9A4A-CDCC6E9FFEBE}.Release|ARM.ActiveCfg = Release|Any CPU
		{994EEB14-4DB4-43EF-9A4A-CDCC6E9FFEBE}.Release|ARM.Build.0 = Release|Any CPU
		{994EEB14-4DB4-43EF-9A4A-CDCC6E9FFEBE}.Release|x64.ActiveCfg = Release|Any CPU
		{994EEB14-4DB4-43EF-9A4A-CDCC6E9FFEBE}.Release|x64.Build.0 = Release|Any CPU
		{994EEB14-4DB4-43EF-9A4A-CDCC6E9FFEBE}.Release|x86.ActiveCfg = Release|Any CPU
		{994EEB14-4DB4-43EF-9A4A-CDCC6E9FFEBE}.Release|x86.Build.0 = Release|Any CPU
		{A8AA62D5-18C8-4883-8A25-24A9C58149FC}.Debug|Any CPU.ActiveCfg = Debug|Any CPU
		{A8AA62D5-18C8-4883-8A25-24A9C58149FC}.Debug|Any CPU.Build.0 = Debug|Any CPU
		{A8AA62D5-18C8-4883-8A25-24A9C58149FC}.Debug|ARM.ActiveCfg = Debug|Any CPU
		{A8AA62D5-18C8-4883-8A25-24A9C58149FC}.Debug|ARM.Build.0 = Debug|Any CPU
		{A8AA62D5-18C8-4883-8A25-24A9C58149FC}.Debug|x64.ActiveCfg = Debug|Any CPU
		{A8AA62D5-18C8-4883-8A25-24A9C58149FC}.Debug|x64.Build.0 = Debug|Any CPU
		{A8AA62D5-18C8-4883-8A25-24A9C58149FC}.Debug|x86.ActiveCfg = Debug|Any CPU
		{A8AA62D5-18C8-4883-8A25-24A9C58149FC}.Debug|x86.Build.0 = Debug|Any CPU
		{A8AA62D5-18C8-4883-8A25-24A9C58149FC}.Release|Any CPU.ActiveCfg = Release|Any CPU
		{A8AA62D5-18C8-4883-8A25-24A9C58149FC}.Release|Any CPU.Build.0 = Release|Any CPU
		{A8AA62D5-18C8-4883-8A25-24A9C58149FC}.Release|ARM.ActiveCfg = Release|Any CPU
		{A8AA62D5-18C8-4883-8A25-24A9C58149FC}.Release|ARM.Build.0 = Release|Any CPU
		{A8AA62D5-18C8-4883-8A25-24A9C58149FC}.Release|x64.ActiveCfg = Release|Any CPU
		{A8AA62D5-18C8-4883-8A25-24A9C58149FC}.Release|x64.Build.0 = Release|Any CPU
		{A8AA62D5-18C8-4883-8A25-24A9C58149FC}.Release|x86.ActiveCfg = Release|Any CPU
		{A8AA62D5-18C8-4883-8A25-24A9C58149FC}.Release|x86.Build.0 = Release|Any CPU
		{BF8C98A9-5141-4A31-B1F2-BBB2C9BF94D0}.Debug|Any CPU.ActiveCfg = Debug|Any CPU
		{BF8C98A9-5141-4A31-B1F2-BBB2C9BF94D0}.Debug|Any CPU.Build.0 = Debug|Any CPU
		{BF8C98A9-5141-4A31-B1F2-BBB2C9BF94D0}.Debug|ARM.ActiveCfg = Debug|Any CPU
		{BF8C98A9-5141-4A31-B1F2-BBB2C9BF94D0}.Debug|ARM.Build.0 = Debug|Any CPU
		{BF8C98A9-5141-4A31-B1F2-BBB2C9BF94D0}.Debug|x64.ActiveCfg = Debug|Any CPU
		{BF8C98A9-5141-4A31-B1F2-BBB2C9BF94D0}.Debug|x64.Build.0 = Debug|Any CPU
		{BF8C98A9-5141-4A31-B1F2-BBB2C9BF94D0}.Debug|x86.ActiveCfg = Debug|Any CPU
		{BF8C98A9-5141-4A31-B1F2-BBB2C9BF94D0}.Debug|x86.Build.0 = Debug|Any CPU
		{BF8C98A9-5141-4A31-B1F2-BBB2C9BF94D0}.Release|Any CPU.ActiveCfg = Release|Any CPU
		{BF8C98A9-5141-4A31-B1F2-BBB2C9BF94D0}.Release|Any CPU.Build.0 = Release|Any CPU
		{BF8C98A9-5141-4A31-B1F2-BBB2C9BF94D0}.Release|ARM.ActiveCfg = Release|Any CPU
		{BF8C98A9-5141-4A31-B1F2-BBB2C9BF94D0}.Release|ARM.Build.0 = Release|Any CPU
		{BF8C98A9-5141-4A31-B1F2-BBB2C9BF94D0}.Release|x64.ActiveCfg = Release|Any CPU
		{BF8C98A9-5141-4A31-B1F2-BBB2C9BF94D0}.Release|x64.Build.0 = Release|Any CPU
		{BF8C98A9-5141-4A31-B1F2-BBB2C9BF94D0}.Release|x86.ActiveCfg = Release|Any CPU
		{BF8C98A9-5141-4A31-B1F2-BBB2C9BF94D0}.Release|x86.Build.0 = Release|Any CPU
		{13BADAF7-FE80-4F4E-BACE-BBCF648C07CC}.Debug|Any CPU.ActiveCfg = Debug|Any CPU
		{13BADAF7-FE80-4F4E-BACE-BBCF648C07CC}.Debug|Any CPU.Build.0 = Debug|Any CPU
		{13BADAF7-FE80-4F4E-BACE-BBCF648C07CC}.Debug|ARM.ActiveCfg = Debug|Any CPU
		{13BADAF7-FE80-4F4E-BACE-BBCF648C07CC}.Debug|ARM.Build.0 = Debug|Any CPU
		{13BADAF7-FE80-4F4E-BACE-BBCF648C07CC}.Debug|x64.ActiveCfg = Debug|Any CPU
		{13BADAF7-FE80-4F4E-BACE-BBCF648C07CC}.Debug|x64.Build.0 = Debug|Any CPU
		{13BADAF7-FE80-4F4E-BACE-BBCF648C07CC}.Debug|x86.ActiveCfg = Debug|Any CPU
		{13BADAF7-FE80-4F4E-BACE-BBCF648C07CC}.Debug|x86.Build.0 = Debug|Any CPU
		{13BADAF7-FE80-4F4E-BACE-BBCF648C07CC}.Release|Any CPU.ActiveCfg = Release|Any CPU
		{13BADAF7-FE80-4F4E-BACE-BBCF648C07CC}.Release|Any CPU.Build.0 = Release|Any CPU
		{13BADAF7-FE80-4F4E-BACE-BBCF648C07CC}.Release|ARM.ActiveCfg = Release|Any CPU
		{13BADAF7-FE80-4F4E-BACE-BBCF648C07CC}.Release|ARM.Build.0 = Release|Any CPU
		{13BADAF7-FE80-4F4E-BACE-BBCF648C07CC}.Release|x64.ActiveCfg = Release|Any CPU
		{13BADAF7-FE80-4F4E-BACE-BBCF648C07CC}.Release|x64.Build.0 = Release|Any CPU
		{13BADAF7-FE80-4F4E-BACE-BBCF648C07CC}.Release|x86.ActiveCfg = Release|Any CPU
		{13BADAF7-FE80-4F4E-BACE-BBCF648C07CC}.Release|x86.Build.0 = Release|Any CPU
		{E7AA584E-47FB-4808-A11D-598F1DB3447C}.Debug|Any CPU.ActiveCfg = Debug|Any CPU
		{E7AA584E-47FB-4808-A11D-598F1DB3447C}.Debug|Any CPU.Build.0 = Debug|Any CPU
		{E7AA584E-47FB-4808-A11D-598F1DB3447C}.Debug|ARM.ActiveCfg = Debug|Any CPU
		{E7AA584E-47FB-4808-A11D-598F1DB3447C}.Debug|ARM.Build.0 = Debug|Any CPU
		{E7AA584E-47FB-4808-A11D-598F1DB3447C}.Debug|x64.ActiveCfg = Debug|Any CPU
		{E7AA584E-47FB-4808-A11D-598F1DB3447C}.Debug|x64.Build.0 = Debug|Any CPU
		{E7AA584E-47FB-4808-A11D-598F1DB3447C}.Debug|x86.ActiveCfg = Debug|Any CPU
		{E7AA584E-47FB-4808-A11D-598F1DB3447C}.Debug|x86.Build.0 = Debug|Any CPU
		{E7AA584E-47FB-4808-A11D-598F1DB3447C}.Release|Any CPU.ActiveCfg = Release|Any CPU
		{E7AA584E-47FB-4808-A11D-598F1DB3447C}.Release|Any CPU.Build.0 = Release|Any CPU
		{E7AA584E-47FB-4808-A11D-598F1DB3447C}.Release|ARM.ActiveCfg = Release|Any CPU
		{E7AA584E-47FB-4808-A11D-598F1DB3447C}.Release|ARM.Build.0 = Release|Any CPU
		{E7AA584E-47FB-4808-A11D-598F1DB3447C}.Release|x64.ActiveCfg = Release|Any CPU
		{E7AA584E-47FB-4808-A11D-598F1DB3447C}.Release|x64.Build.0 = Release|Any CPU
		{E7AA584E-47FB-4808-A11D-598F1DB3447C}.Release|x86.ActiveCfg = Release|Any CPU
		{E7AA584E-47FB-4808-A11D-598F1DB3447C}.Release|x86.Build.0 = Release|Any CPU
		{CFE9BD12-DCDD-4450-B5E5-80E299F40626}.Debug|Any CPU.ActiveCfg = Debug|Any CPU
		{CFE9BD12-DCDD-4450-B5E5-80E299F40626}.Debug|Any CPU.Build.0 = Debug|Any CPU
		{CFE9BD12-DCDD-4450-B5E5-80E299F40626}.Debug|ARM.ActiveCfg = Debug|Any CPU
		{CFE9BD12-DCDD-4450-B5E5-80E299F40626}.Debug|ARM.Build.0 = Debug|Any CPU
		{CFE9BD12-DCDD-4450-B5E5-80E299F40626}.Debug|x64.ActiveCfg = Debug|Any CPU
		{CFE9BD12-DCDD-4450-B5E5-80E299F40626}.Debug|x64.Build.0 = Debug|Any CPU
		{CFE9BD12-DCDD-4450-B5E5-80E299F40626}.Debug|x86.ActiveCfg = Debug|Any CPU
		{CFE9BD12-DCDD-4450-B5E5-80E299F40626}.Debug|x86.Build.0 = Debug|Any CPU
		{CFE9BD12-DCDD-4450-B5E5-80E299F40626}.Release|Any CPU.ActiveCfg = Release|Any CPU
		{CFE9BD12-DCDD-4450-B5E5-80E299F40626}.Release|Any CPU.Build.0 = Release|Any CPU
		{CFE9BD12-DCDD-4450-B5E5-80E299F40626}.Release|ARM.ActiveCfg = Release|Any CPU
		{CFE9BD12-DCDD-4450-B5E5-80E299F40626}.Release|ARM.Build.0 = Release|Any CPU
		{CFE9BD12-DCDD-4450-B5E5-80E299F40626}.Release|x64.ActiveCfg = Release|Any CPU
		{CFE9BD12-DCDD-4450-B5E5-80E299F40626}.Release|x64.Build.0 = Release|Any CPU
		{CFE9BD12-DCDD-4450-B5E5-80E299F40626}.Release|x86.ActiveCfg = Release|Any CPU
		{CFE9BD12-DCDD-4450-B5E5-80E299F40626}.Release|x86.Build.0 = Release|Any CPU
		{9C0C4F34-A252-4B6C-A5E2-B3BB2A07AEE6}.Debug|Any CPU.ActiveCfg = Debug|Any CPU
		{9C0C4F34-A252-4B6C-A5E2-B3BB2A07AEE6}.Debug|Any CPU.Build.0 = Debug|Any CPU
		{9C0C4F34-A252-4B6C-A5E2-B3BB2A07AEE6}.Debug|ARM.ActiveCfg = Debug|Any CPU
		{9C0C4F34-A252-4B6C-A5E2-B3BB2A07AEE6}.Debug|ARM.Build.0 = Debug|Any CPU
		{9C0C4F34-A252-4B6C-A5E2-B3BB2A07AEE6}.Debug|x64.ActiveCfg = Debug|Any CPU
		{9C0C4F34-A252-4B6C-A5E2-B3BB2A07AEE6}.Debug|x64.Build.0 = Debug|Any CPU
		{9C0C4F34-A252-4B6C-A5E2-B3BB2A07AEE6}.Debug|x86.ActiveCfg = Debug|Any CPU
		{9C0C4F34-A252-4B6C-A5E2-B3BB2A07AEE6}.Debug|x86.Build.0 = Debug|Any CPU
		{9C0C4F34-A252-4B6C-A5E2-B3BB2A07AEE6}.Release|Any CPU.ActiveCfg = Release|Any CPU
		{9C0C4F34-A252-4B6C-A5E2-B3BB2A07AEE6}.Release|Any CPU.Build.0 = Release|Any CPU
		{9C0C4F34-A252-4B6C-A5E2-B3BB2A07AEE6}.Release|ARM.ActiveCfg = Release|Any CPU
		{9C0C4F34-A252-4B6C-A5E2-B3BB2A07AEE6}.Release|ARM.Build.0 = Release|Any CPU
		{9C0C4F34-A252-4B6C-A5E2-B3BB2A07AEE6}.Release|x64.ActiveCfg = Release|Any CPU
		{9C0C4F34-A252-4B6C-A5E2-B3BB2A07AEE6}.Release|x64.Build.0 = Release|Any CPU
		{9C0C4F34-A252-4B6C-A5E2-B3BB2A07AEE6}.Release|x86.ActiveCfg = Release|Any CPU
		{9C0C4F34-A252-4B6C-A5E2-B3BB2A07AEE6}.Release|x86.Build.0 = Release|Any CPU
		{CD5D9B48-AF24-4B76-B71F-9558E7EFE06E}.Debug|Any CPU.ActiveCfg = Debug|Any CPU
		{CD5D9B48-AF24-4B76-B71F-9558E7EFE06E}.Debug|Any CPU.Build.0 = Debug|Any CPU
		{CD5D9B48-AF24-4B76-B71F-9558E7EFE06E}.Debug|ARM.ActiveCfg = Debug|Any CPU
		{CD5D9B48-AF24-4B76-B71F-9558E7EFE06E}.Debug|ARM.Build.0 = Debug|Any CPU
		{CD5D9B48-AF24-4B76-B71F-9558E7EFE06E}.Debug|x64.ActiveCfg = Debug|Any CPU
		{CD5D9B48-AF24-4B76-B71F-9558E7EFE06E}.Debug|x64.Build.0 = Debug|Any CPU
		{CD5D9B48-AF24-4B76-B71F-9558E7EFE06E}.Debug|x86.ActiveCfg = Debug|Any CPU
		{CD5D9B48-AF24-4B76-B71F-9558E7EFE06E}.Debug|x86.Build.0 = Debug|Any CPU
		{CD5D9B48-AF24-4B76-B71F-9558E7EFE06E}.Release|Any CPU.ActiveCfg = Release|Any CPU
		{CD5D9B48-AF24-4B76-B71F-9558E7EFE06E}.Release|Any CPU.Build.0 = Release|Any CPU
		{CD5D9B48-AF24-4B76-B71F-9558E7EFE06E}.Release|ARM.ActiveCfg = Release|Any CPU
		{CD5D9B48-AF24-4B76-B71F-9558E7EFE06E}.Release|ARM.Build.0 = Release|Any CPU
		{CD5D9B48-AF24-4B76-B71F-9558E7EFE06E}.Release|x64.ActiveCfg = Release|Any CPU
		{CD5D9B48-AF24-4B76-B71F-9558E7EFE06E}.Release|x64.Build.0 = Release|Any CPU
		{CD5D9B48-AF24-4B76-B71F-9558E7EFE06E}.Release|x86.ActiveCfg = Release|Any CPU
		{CD5D9B48-AF24-4B76-B71F-9558E7EFE06E}.Release|x86.Build.0 = Release|Any CPU
		{8B0C66FE-1DFC-4D14-BA54-77A7E0DF2104}.Debug|Any CPU.ActiveCfg = Debug|Any CPU
		{8B0C66FE-1DFC-4D14-BA54-77A7E0DF2104}.Debug|Any CPU.Build.0 = Debug|Any CPU
		{8B0C66FE-1DFC-4D14-BA54-77A7E0DF2104}.Debug|ARM.ActiveCfg = Debug|Any CPU
		{8B0C66FE-1DFC-4D14-BA54-77A7E0DF2104}.Debug|ARM.Build.0 = Debug|Any CPU
		{8B0C66FE-1DFC-4D14-BA54-77A7E0DF2104}.Debug|x64.ActiveCfg = Debug|Any CPU
		{8B0C66FE-1DFC-4D14-BA54-77A7E0DF2104}.Debug|x64.Build.0 = Debug|Any CPU
		{8B0C66FE-1DFC-4D14-BA54-77A7E0DF2104}.Debug|x86.ActiveCfg = Debug|Any CPU
		{8B0C66FE-1DFC-4D14-BA54-77A7E0DF2104}.Debug|x86.Build.0 = Debug|Any CPU
		{8B0C66FE-1DFC-4D14-BA54-77A7E0DF2104}.Release|Any CPU.ActiveCfg = Release|Any CPU
		{8B0C66FE-1DFC-4D14-BA54-77A7E0DF2104}.Release|Any CPU.Build.0 = Release|Any CPU
		{8B0C66FE-1DFC-4D14-BA54-77A7E0DF2104}.Release|ARM.ActiveCfg = Release|Any CPU
		{8B0C66FE-1DFC-4D14-BA54-77A7E0DF2104}.Release|ARM.Build.0 = Release|Any CPU
		{8B0C66FE-1DFC-4D14-BA54-77A7E0DF2104}.Release|x64.ActiveCfg = Release|Any CPU
		{8B0C66FE-1DFC-4D14-BA54-77A7E0DF2104}.Release|x64.Build.0 = Release|Any CPU
		{8B0C66FE-1DFC-4D14-BA54-77A7E0DF2104}.Release|x86.ActiveCfg = Release|Any CPU
		{8B0C66FE-1DFC-4D14-BA54-77A7E0DF2104}.Release|x86.Build.0 = Release|Any CPU
		{7C367A12-0524-47C6-A3AA-B190DCFFE888}.Debug|Any CPU.ActiveCfg = Debug|Any CPU
		{7C367A12-0524-47C6-A3AA-B190DCFFE888}.Debug|Any CPU.Build.0 = Debug|Any CPU
		{7C367A12-0524-47C6-A3AA-B190DCFFE888}.Debug|ARM.ActiveCfg = Debug|Any CPU
		{7C367A12-0524-47C6-A3AA-B190DCFFE888}.Debug|ARM.Build.0 = Debug|Any CPU
		{7C367A12-0524-47C6-A3AA-B190DCFFE888}.Debug|x64.ActiveCfg = Debug|Any CPU
		{7C367A12-0524-47C6-A3AA-B190DCFFE888}.Debug|x64.Build.0 = Debug|Any CPU
		{7C367A12-0524-47C6-A3AA-B190DCFFE888}.Debug|x86.ActiveCfg = Debug|Any CPU
		{7C367A12-0524-47C6-A3AA-B190DCFFE888}.Debug|x86.Build.0 = Debug|Any CPU
		{7C367A12-0524-47C6-A3AA-B190DCFFE888}.Release|Any CPU.ActiveCfg = Release|Any CPU
		{7C367A12-0524-47C6-A3AA-B190DCFFE888}.Release|Any CPU.Build.0 = Release|Any CPU
		{7C367A12-0524-47C6-A3AA-B190DCFFE888}.Release|ARM.ActiveCfg = Release|Any CPU
		{7C367A12-0524-47C6-A3AA-B190DCFFE888}.Release|ARM.Build.0 = Release|Any CPU
		{7C367A12-0524-47C6-A3AA-B190DCFFE888}.Release|x64.ActiveCfg = Release|Any CPU
		{7C367A12-0524-47C6-A3AA-B190DCFFE888}.Release|x64.Build.0 = Release|Any CPU
		{7C367A12-0524-47C6-A3AA-B190DCFFE888}.Release|x86.ActiveCfg = Release|Any CPU
		{7C367A12-0524-47C6-A3AA-B190DCFFE888}.Release|x86.Build.0 = Release|Any CPU
		{859102C2-D89D-4212-AF93-89E053C096DC}.Debug|Any CPU.ActiveCfg = Debug|Any CPU
		{859102C2-D89D-4212-AF93-89E053C096DC}.Debug|Any CPU.Build.0 = Debug|Any CPU
		{859102C2-D89D-4212-AF93-89E053C096DC}.Debug|ARM.ActiveCfg = Debug|Any CPU
		{859102C2-D89D-4212-AF93-89E053C096DC}.Debug|ARM.Build.0 = Debug|Any CPU
		{859102C2-D89D-4212-AF93-89E053C096DC}.Debug|x64.ActiveCfg = Debug|Any CPU
		{859102C2-D89D-4212-AF93-89E053C096DC}.Debug|x64.Build.0 = Debug|Any CPU
		{859102C2-D89D-4212-AF93-89E053C096DC}.Debug|x86.ActiveCfg = Debug|Any CPU
		{859102C2-D89D-4212-AF93-89E053C096DC}.Debug|x86.Build.0 = Debug|Any CPU
		{859102C2-D89D-4212-AF93-89E053C096DC}.Release|Any CPU.ActiveCfg = Release|Any CPU
		{859102C2-D89D-4212-AF93-89E053C096DC}.Release|Any CPU.Build.0 = Release|Any CPU
		{859102C2-D89D-4212-AF93-89E053C096DC}.Release|ARM.ActiveCfg = Release|Any CPU
		{859102C2-D89D-4212-AF93-89E053C096DC}.Release|ARM.Build.0 = Release|Any CPU
		{859102C2-D89D-4212-AF93-89E053C096DC}.Release|x64.ActiveCfg = Release|Any CPU
		{859102C2-D89D-4212-AF93-89E053C096DC}.Release|x64.Build.0 = Release|Any CPU
		{859102C2-D89D-4212-AF93-89E053C096DC}.Release|x86.ActiveCfg = Release|Any CPU
		{859102C2-D89D-4212-AF93-89E053C096DC}.Release|x86.Build.0 = Release|Any CPU
	EndGlobalSection
	GlobalSection(SolutionProperties) = preSolution
		HideSolutionNode = FALSE
	EndGlobalSection
	GlobalSection(ExtensibilityGlobals) = postSolution
		SolutionGuid = {9F66C88F-FA2D-488B-BCA5-4B2C97805BFE}
	EndGlobalSection
EndGlobal
