
Microsoft Visual Studio Solution File, Format Version 12.00
# Visual Studio 15
VisualStudioVersion = 15.0.27130.2024
MinimumVisualStudioVersion = 10.0.40219.1
Project("{FAE04EC0-301F-11D3-BF4B-00C04F79EFBC}") = "01. Personal Titles", "01. Personal Titles\01. Personal Titles.csproj", "{A5C5A9C1-1CBB-4159-87C4-EA02E2B5657C}"
EndProject
Project("{FAE04EC0-301F-11D3-BF4B-00C04F79EFBC}") = "02. Small Shop", "02. Small Shop\02. Small Shop.csproj", "{A10B3974-1931-40CB-A963-80CEC060A488}"
EndProject
Project("{FAE04EC0-301F-11D3-BF4B-00C04F79EFBC}") = "03. Point in Rectangle", "03. Point in Rectangle\03. Point in Rectangle.csproj", "{2658CB06-0875-4C1E-82C5-97EC777D0EF5}"
EndProject
Project("{FAE04EC0-301F-11D3-BF4B-00C04F79EFBC}") = "04. Fruit or Vegetable", "04. Fruit or Vegetable\04. Fruit or Vegetable.csproj", "{D9DF96BC-6F83-4260-AE31-FDF9D6D147E5}"
EndProject
Global
	GlobalSection(SolutionConfigurationPlatforms) = preSolution
		Debug|Any CPU = Debug|Any CPU
		Release|Any CPU = Release|Any CPU
	EndGlobalSection
	GlobalSection(ProjectConfigurationPlatforms) = postSolution
		{A5C5A9C1-1CBB-4159-87C4-EA02E2B5657C}.Debug|Any CPU.ActiveCfg = Debug|Any CPU
		{A5C5A9C1-1CBB-4159-87C4-EA02E2B5657C}.Debug|Any CPU.Build.0 = Debug|Any CPU
		{A5C5A9C1-1CBB-4159-87C4-EA02E2B5657C}.Release|Any CPU.ActiveCfg = Release|Any CPU
		{A5C5A9C1-1CBB-4159-87C4-EA02E2B5657C}.Release|Any CPU.Build.0 = Release|Any CPU
		{A10B3974-1931-40CB-A963-80CEC060A488}.Debug|Any CPU.ActiveCfg = Debug|Any CPU
		{A10B3974-1931-40CB-A963-80CEC060A488}.Debug|Any CPU.Build.0 = Debug|Any CPU
		{A10B3974-1931-40CB-A963-80CEC060A488}.Release|Any CPU.ActiveCfg = Release|Any CPU
		{A10B3974-1931-40CB-A963-80CEC060A488}.Release|Any CPU.Build.0 = Release|Any CPU
		{2658CB06-0875-4C1E-82C5-97EC777D0EF5}.Debug|Any CPU.ActiveCfg = Debug|Any CPU
		{2658CB06-0875-4C1E-82C5-97EC777D0EF5}.Debug|Any CPU.Build.0 = Debug|Any CPU
		{2658CB06-0875-4C1E-82C5-97EC777D0EF5}.Release|Any CPU.ActiveCfg = Release|Any CPU
		{2658CB06-0875-4C1E-82C5-97EC777D0EF5}.Release|Any CPU.Build.0 = Release|Any CPU
		{D9DF96BC-6F83-4260-AE31-FDF9D6D147E5}.Debug|Any CPU.ActiveCfg = Debug|Any CPU
		{D9DF96BC-6F83-4260-AE31-FDF9D6D147E5}.Debug|Any CPU.Build.0 = Debug|Any CPU
		{D9DF96BC-6F83-4260-AE31-FDF9D6D147E5}.Release|Any CPU.ActiveCfg = Release|Any CPU
		{D9DF96BC-6F83-4260-AE31-FDF9D6D147E5}.Release|Any CPU.Build.0 = Release|Any CPU
	EndGlobalSection
	GlobalSection(SolutionProperties) = preSolution
		HideSolutionNode = FALSE
	EndGlobalSection
	GlobalSection(ExtensibilityGlobals) = postSolution
		SolutionGuid = {6208B351-6D33-488A-9132-9F91CAF332C3}
	EndGlobalSection
EndGlobal
