
Microsoft Visual Studio Solution File, Format Version 12.00
# Visual Studio 15
VisualStudioVersion = 15.0.27130.2024
MinimumVisualStudioVersion = 10.0.40219.1
Project("{FAE04EC0-301F-11D3-BF4B-00C04F79EFBC}") = "opiti", "ConsoleApp1\opiti.csproj", "{3EBF0210-581E-4B44-9D36-9ECBB916466E}"
EndProject
Global
	GlobalSection(SolutionConfigurationPlatforms) = preSolution
		Debug|Any CPU = Debug|Any CPU
		Release|Any CPU = Release|Any CPU
	EndGlobalSection
	GlobalSection(ProjectConfigurationPlatforms) = postSolution
		{3EBF0210-581E-4B44-9D36-9ECBB916466E}.Debug|Any CPU.ActiveCfg = Debug|Any CPU
		{3EBF0210-581E-4B44-9D36-9ECBB916466E}.Debug|Any CPU.Build.0 = Debug|Any CPU
		{3EBF0210-581E-4B44-9D36-9ECBB916466E}.Release|Any CPU.ActiveCfg = Release|Any CPU
		{3EBF0210-581E-4B44-9D36-9ECBB916466E}.Release|Any CPU.Build.0 = Release|Any CPU
	EndGlobalSection
	GlobalSection(SolutionProperties) = preSolution
		HideSolutionNode = FALSE
	EndGlobalSection
	GlobalSection(ExtensibilityGlobals) = postSolution
		SolutionGuid = {42892BB1-8B2D-4821-ABDC-10EE046E39F0}
	EndGlobalSection
EndGlobal
