
Microsoft Visual Studio Solution File, Format Version 12.00
# Visual Studio 15
VisualStudioVersion = 15.0.27130.2024
MinimumVisualStudioVersion = 10.0.40219.1
Project("{FAE04EC0-301F-11D3-BF4B-00C04F79EFBC}") = "01. Numbers from 1 to 100", "01. Numbers from 1 to 100\01. Numbers from 1 to 100.csproj", "{89570354-BD98-448E-842D-33AEBD4049EB}"
EndProject
Project("{FAE04EC0-301F-11D3-BF4B-00C04F79EFBC}") = "02. Numbers Ending in 7", "02. Numbers Ending in 7\02. Numbers Ending in 7.csproj", "{D8A05E36-9AA7-472C-B325-8A7EAA8B5AF7}"
EndProject
Project("{FAE04EC0-301F-11D3-BF4B-00C04F79EFBC}") = "07. Left and Right Sum", "07. Left and Right Sum\07. Left and Right Sum.csproj", "{F0802F83-3EDA-4E3F-BB67-8C4314D7190B}"
EndProject
Project("{FAE04EC0-301F-11D3-BF4B-00C04F79EFBC}") = "08. Odd Even Sum", "08. Odd Even Sum\08. Odd Even Sum.csproj", "{3DD67885-9181-4759-80CE-31CD1992B9D0}"
EndProject
Project("{FAE04EC0-301F-11D3-BF4B-00C04F79EFBC}") = "09. Vowels Sum", "09. Vowels Sum\09. Vowels Sum.csproj", "{38A068AE-7261-4214-B5BF-BA457A1C9E35}"
EndProject
Project("{FAE04EC0-301F-11D3-BF4B-00C04F79EFBC}") = "10. Half Sum Element", "10. Half Sum Element\10. Half Sum Element.csproj", "{A71689D9-8E2F-445E-B860-424377B9BE54}"
EndProject
Global
	GlobalSection(SolutionConfigurationPlatforms) = preSolution
		Debug|Any CPU = Debug|Any CPU
		Release|Any CPU = Release|Any CPU
	EndGlobalSection
	GlobalSection(ProjectConfigurationPlatforms) = postSolution
		{89570354-BD98-448E-842D-33AEBD4049EB}.Debug|Any CPU.ActiveCfg = Debug|Any CPU
		{89570354-BD98-448E-842D-33AEBD4049EB}.Debug|Any CPU.Build.0 = Debug|Any CPU
		{89570354-BD98-448E-842D-33AEBD4049EB}.Release|Any CPU.ActiveCfg = Release|Any CPU
		{89570354-BD98-448E-842D-33AEBD4049EB}.Release|Any CPU.Build.0 = Release|Any CPU
		{D8A05E36-9AA7-472C-B325-8A7EAA8B5AF7}.Debug|Any CPU.ActiveCfg = Debug|Any CPU
		{D8A05E36-9AA7-472C-B325-8A7EAA8B5AF7}.Debug|Any CPU.Build.0 = Debug|Any CPU
		{D8A05E36-9AA7-472C-B325-8A7EAA8B5AF7}.Release|Any CPU.ActiveCfg = Release|Any CPU
		{D8A05E36-9AA7-472C-B325-8A7EAA8B5AF7}.Release|Any CPU.Build.0 = Release|Any CPU
		{F0802F83-3EDA-4E3F-BB67-8C4314D7190B}.Debug|Any CPU.ActiveCfg = Debug|Any CPU
		{F0802F83-3EDA-4E3F-BB67-8C4314D7190B}.Debug|Any CPU.Build.0 = Debug|Any CPU
		{F0802F83-3EDA-4E3F-BB67-8C4314D7190B}.Release|Any CPU.ActiveCfg = Release|Any CPU
		{F0802F83-3EDA-4E3F-BB67-8C4314D7190B}.Release|Any CPU.Build.0 = Release|Any CPU
		{3DD67885-9181-4759-80CE-31CD1992B9D0}.Debug|Any CPU.ActiveCfg = Debug|Any CPU
		{3DD67885-9181-4759-80CE-31CD1992B9D0}.Debug|Any CPU.Build.0 = Debug|Any CPU
		{3DD67885-9181-4759-80CE-31CD1992B9D0}.Release|Any CPU.ActiveCfg = Release|Any CPU
		{3DD67885-9181-4759-80CE-31CD1992B9D0}.Release|Any CPU.Build.0 = Release|Any CPU
		{38A068AE-7261-4214-B5BF-BA457A1C9E35}.Debug|Any CPU.ActiveCfg = Debug|Any CPU
		{38A068AE-7261-4214-B5BF-BA457A1C9E35}.Debug|Any CPU.Build.0 = Debug|Any CPU
		{38A068AE-7261-4214-B5BF-BA457A1C9E35}.Release|Any CPU.ActiveCfg = Release|Any CPU
		{38A068AE-7261-4214-B5BF-BA457A1C9E35}.Release|Any CPU.Build.0 = Release|Any CPU
		{A71689D9-8E2F-445E-B860-424377B9BE54}.Debug|Any CPU.ActiveCfg = Debug|Any CPU
		{A71689D9-8E2F-445E-B860-424377B9BE54}.Debug|Any CPU.Build.0 = Debug|Any CPU
		{A71689D9-8E2F-445E-B860-424377B9BE54}.Release|Any CPU.ActiveCfg = Release|Any CPU
		{A71689D9-8E2F-445E-B860-424377B9BE54}.Release|Any CPU.Build.0 = Release|Any CPU
	EndGlobalSection
	GlobalSection(SolutionProperties) = preSolution
		HideSolutionNode = FALSE
	EndGlobalSection
	GlobalSection(ExtensibilityGlobals) = postSolution
		SolutionGuid = {75C71E22-6DAA-4E02-A1D1-F5B785BF01C5}
	EndGlobalSection
EndGlobal
