
Microsoft Visual Studio Solution File, Format Version 12.00
# Visual Studio 15
VisualStudioVersion = 15.0.27130.2024
MinimumVisualStudioVersion = 10.0.40219.1
Project("{FAE04EC0-301F-11D3-BF4B-00C04F79EFBC}") = "Rectangle Area", "Rectangle Area\Rectangle Area.csproj", "{29E9437F-2985-4F41-A4DC-67C0C5197193}"
EndProject
Global
	GlobalSection(SolutionConfigurationPlatforms) = preSolution
		Debug|Any CPU = Debug|Any CPU
		Release|Any CPU = Release|Any CPU
	EndGlobalSection
	GlobalSection(ProjectConfigurationPlatforms) = postSolution
		{29E9437F-2985-4F41-A4DC-67C0C5197193}.Debug|Any CPU.ActiveCfg = Debug|Any CPU
		{29E9437F-2985-4F41-A4DC-67C0C5197193}.Debug|Any CPU.Build.0 = Debug|Any CPU
		{29E9437F-2985-4F41-A4DC-67C0C5197193}.Release|Any CPU.ActiveCfg = Release|Any CPU
		{29E9437F-2985-4F41-A4DC-67C0C5197193}.Release|Any CPU.Build.0 = Release|Any CPU
	EndGlobalSection
	GlobalSection(SolutionProperties) = preSolution
		HideSolutionNode = FALSE
	EndGlobalSection
	GlobalSection(ExtensibilityGlobals) = postSolution
		SolutionGuid = {4FFAA3A9-B29A-4FE5-A4CF-5D323BCDF40C}
	EndGlobalSection
EndGlobal
